
Microsoft Visual Studio Solution File, Format Version 12.00
# Visual Studio 15
Project("{FAE04EC0-301F-11D3-BF4B-00C04F79EFBC}") = "TheChuck.Android", "TheChuck.Android\TheChuck.Android.csproj", "{F1DD3F00-272D-4B82-BA4D-F095341B5B56}"
EndProject
Project("{FAE04EC0-301F-11D3-BF4B-00C04F79EFBC}") = "TheChuck.iOS", "TheChuck.iOS\TheChuck.iOS.csproj", "{B4937BD1-AAD7-4270-BA83-BF39F46AFC97}"
EndProject
Project("{FAE04EC0-301F-11D3-BF4B-00C04F79EFBC}") = "TheChuck", "TheChuck\TheChuck.csproj", "{EA98C759-E5AD-4841-9252-9737ACA982D0}"
EndProject
Global
	GlobalSection(SolutionConfigurationPlatforms) = preSolution
		Debug|Any CPU = Debug|Any CPU
		Release|Any CPU = Release|Any CPU
		Debug|iPhoneSimulator = Debug|iPhoneSimulator
		Release|iPhoneSimulator = Release|iPhoneSimulator
		Debug|iPhone = Debug|iPhone
		Release|iPhone = Release|iPhone
	EndGlobalSection
	GlobalSection(ProjectConfigurationPlatforms) = postSolution
		{F1DD3F00-272D-4B82-BA4D-F095341B5B56}.Debug|Any CPU.ActiveCfg = Debug|Any CPU
		{F1DD3F00-272D-4B82-BA4D-F095341B5B56}.Debug|Any CPU.Build.0 = Debug|Any CPU
		{F1DD3F00-272D-4B82-BA4D-F095341B5B56}.Release|Any CPU.ActiveCfg = Release|Any CPU
		{F1DD3F00-272D-4B82-BA4D-F095341B5B56}.Release|Any CPU.Build.0 = Release|Any CPU
		{F1DD3F00-272D-4B82-BA4D-F095341B5B56}.Debug|iPhoneSimulator.ActiveCfg = Debug|Any CPU
		{F1DD3F00-272D-4B82-BA4D-F095341B5B56}.Debug|iPhoneSimulator.Build.0 = Debug|Any CPU
		{F1DD3F00-272D-4B82-BA4D-F095341B5B56}.Release|iPhoneSimulator.ActiveCfg = Release|Any CPU
		{F1DD3F00-272D-4B82-BA4D-F095341B5B56}.Release|iPhoneSimulator.Build.0 = Release|Any CPU
		{F1DD3F00-272D-4B82-BA4D-F095341B5B56}.Debug|iPhone.ActiveCfg = Debug|Any CPU
		{F1DD3F00-272D-4B82-BA4D-F095341B5B56}.Debug|iPhone.Build.0 = Debug|Any CPU
		{F1DD3F00-272D-4B82-BA4D-F095341B5B56}.Release|iPhone.ActiveCfg = Release|Any CPU
		{F1DD3F00-272D-4B82-BA4D-F095341B5B56}.Release|iPhone.Build.0 = Release|Any CPU
		{B4937BD1-AAD7-4270-BA83-BF39F46AFC97}.Debug|Any CPU.ActiveCfg = Debug|iPhoneSimulator
		{B4937BD1-AAD7-4270-BA83-BF39F46AFC97}.Debug|Any CPU.Build.0 = Debug|iPhoneSimulator
		{B4937BD1-AAD7-4270-BA83-BF39F46AFC97}.Release|Any CPU.ActiveCfg = Release|iPhoneSimulator
		{B4937BD1-AAD7-4270-BA83-BF39F46AFC97}.Release|Any CPU.Build.0 = Release|iPhoneSimulator
		{B4937BD1-AAD7-4270-BA83-BF39F46AFC97}.Debug|iPhoneSimulator.ActiveCfg = Debug|iPhoneSimulator
		{B4937BD1-AAD7-4270-BA83-BF39F46AFC97}.Debug|iPhoneSimulator.Build.0 = Debug|iPhoneSimulator
		{B4937BD1-AAD7-4270-BA83-BF39F46AFC97}.Release|iPhoneSimulator.ActiveCfg = Release|iPhoneSimulator
		{B4937BD1-AAD7-4270-BA83-BF39F46AFC97}.Release|iPhoneSimulator.Build.0 = Release|iPhoneSimulator
		{B4937BD1-AAD7-4270-BA83-BF39F46AFC97}.Debug|iPhone.ActiveCfg = Debug|iPhone
		{B4937BD1-AAD7-4270-BA83-BF39F46AFC97}.Debug|iPhone.Build.0 = Debug|iPhone
		{B4937BD1-AAD7-4270-BA83-BF39F46AFC97}.Release|iPhone.ActiveCfg = Release|iPhone
		{B4937BD1-AAD7-4270-BA83-BF39F46AFC97}.Release|iPhone.Build.0 = Release|iPhone
		{EA98C759-E5AD-4841-9252-9737ACA982D0}.Debug|Any CPU.ActiveCfg = Debug|Any CPU
		{EA98C759-E5AD-4841-9252-9737ACA982D0}.Debug|Any CPU.Build.0 = Debug|Any CPU
		{EA98C759-E5AD-4841-9252-9737ACA982D0}.Release|Any CPU.ActiveCfg = Release|Any CPU
		{EA98C759-E5AD-4841-9252-9737ACA982D0}.Release|Any CPU.Build.0 = Release|Any CPU
		{EA98C759-E5AD-4841-9252-9737ACA982D0}.Debug|iPhoneSimulator.ActiveCfg = Debug|Any CPU
		{EA98C759-E5AD-4841-9252-9737ACA982D0}.Debug|iPhoneSimulator.Build.0 = Debug|Any CPU
		{EA98C759-E5AD-4841-9252-9737ACA982D0}.Release|iPhoneSimulator.ActiveCfg = Release|Any CPU
		{EA98C759-E5AD-4841-9252-9737ACA982D0}.Release|iPhoneSimulator.Build.0 = Release|Any CPU
		{EA98C759-E5AD-4841-9252-9737ACA982D0}.Debug|iPhone.ActiveCfg = Debug|Any CPU
		{EA98C759-E5AD-4841-9252-9737ACA982D0}.Debug|iPhone.Build.0 = Debug|Any CPU
		{EA98C759-E5AD-4841-9252-9737ACA982D0}.Release|iPhone.ActiveCfg = Release|Any CPU
		{EA98C759-E5AD-4841-9252-9737ACA982D0}.Release|iPhone.Build.0 = Release|Any CPU
	EndGlobalSection
EndGlobal
